
Microsoft Visual Studio Solution File, Format Version 12.00
# Visual Studio Version 16
VisualStudioVersion = 16.0.30104.148
MinimumVisualStudioVersion = 10.0.40219.1
Project("{FAE04EC0-301F-11D3-BF4B-00C04F79EFBC}") = "Repository", "Repository\Repository.csproj", "{83628FD0-B9C0-42CF-A1B9-5B5F1754F012}"
EndProject
Project("{FAE04EC0-301F-11D3-BF4B-00C04F79EFBC}") = "Repository.Domain", "Repository.Domain\Repository.Domain.csproj", "{8ECD4A61-63A9-44BB-B8A7-0D315AF24950}"
EndProject
Global
	GlobalSection(SolutionConfigurationPlatforms) = preSolution
		Debug|Any CPU = Debug|Any CPU
		Release|Any CPU = Release|Any CPU
	EndGlobalSection
	GlobalSection(ProjectConfigurationPlatforms) = postSolution
		{83628FD0-B9C0-42CF-A1B9-5B5F1754F012}.Debug|Any CPU.ActiveCfg = Debug|Any CPU
		{83628FD0-B9C0-42CF-A1B9-5B5F1754F012}.Debug|Any CPU.Build.0 = Debug|Any CPU
		{83628FD0-B9C0-42CF-A1B9-5B5F1754F012}.Release|Any CPU.ActiveCfg = Release|Any CPU
		{83628FD0-B9C0-42CF-A1B9-5B5F1754F012}.Release|Any CPU.Build.0 = Release|Any CPU
		{8ECD4A61-63A9-44BB-B8A7-0D315AF24950}.Debug|Any CPU.ActiveCfg = Debug|Any CPU
		{8ECD4A61-63A9-44BB-B8A7-0D315AF24950}.Debug|Any CPU.Build.0 = Debug|Any CPU
		{8ECD4A61-63A9-44BB-B8A7-0D315AF24950}.Release|Any CPU.ActiveCfg = Release|Any CPU
		{8ECD4A61-63A9-44BB-B8A7-0D315AF24950}.Release|Any CPU.Build.0 = Release|Any CPU
	EndGlobalSection
	GlobalSection(SolutionProperties) = preSolution
		HideSolutionNode = FALSE
	EndGlobalSection
	GlobalSection(ExtensibilityGlobals) = postSolution
		SolutionGuid = {01C59DAB-87FC-4348-A8A6-950F32C1F000}
	EndGlobalSection
EndGlobal
